// !$*UTF8*$!
{
	archiveVersion = 1;
	classes = {
	};
	objectVersion = 46;
	objects = {

/* Begin PBXBuildFile section */
		761E385F1ED3EB4C00974D2D /* main.c in Sources */ = {isa = PBXBuildFile; fileRef = 761E385E1ED3EB4C00974D2D /* main.c */; };
		761E38671ED3EB8C00974D2D /* AppIO.c in Sources */ = {isa = PBXBuildFile; fileRef = 761E38651ED3EB8C00974D2D /* AppIO.c */; };
		761E386A1ED3EB9500974D2D /* AppController.c in Sources */ = {isa = PBXBuildFile; fileRef = 761E38681ED3EB9500974D2D /* AppController.c */; };
		761E386E1ED3EBE100974D2D /* UnsortedLinkedList.c in Sources */ = {isa = PBXBuildFile; fileRef = 761E386C1ED3EBE100974D2D /* UnsortedLinkedList.c */; };
		761E38711ED3ED2300974D2D /* Node.c in Sources */ = {isa = PBXBuildFile; fileRef = 761E386F1ED3ED2300974D2D /* Node.c */; };
		761E38781ED3F73C00974D2D /* Timer.c in Sources */ = {isa = PBXBuildFile; fileRef = 761E38761ED3F73C00974D2D /* Timer.c */; };
/* End PBXBuildFile section */

/* Begin PBXCopyFilesBuildPhase section */
		761E38591ED3EB4C00974D2D /* CopyFiles */ = {
			isa = PBXCopyFilesBuildPhase;
			buildActionMask = 2147483647;
			dstPath = /usr/share/man/man1/;
			dstSubfolderSpec = 0;
			files = (
			);
			runOnlyForDeploymentPostprocessing = 1;
		};
/* End PBXCopyFilesBuildPhase section */

/* Begin PBXFileReference section */
		761E385B1ED3EB4C00974D2D /* CP2_WEEK11 */ = {isa = PBXFileReference; explicitFileType = "compiled.mach-o.executable"; includeInIndex = 0; path = CP2_WEEK11; sourceTree = BUILT_PRODUCTS_DIR; };
		761E385E1ED3EB4C00974D2D /* main.c */ = {isa = PBXFileReference; lastKnownFileType = sourcecode.c.c; path = main.c; sourceTree = "<group>"; };
		761E38651ED3EB8C00974D2D /* AppIO.c */ = {isa = PBXFileReference; fileEncoding = 4; lastKnownFileType = sourcecode.c.c; path = AppIO.c; sourceTree = "<group>"; };
		761E38661ED3EB8C00974D2D /* AppIO.h */ = {isa = PBXFileReference; fileEncoding = 4; lastKnownFileType = sourcecode.c.h; path = AppIO.h; sourceTree = "<group>"; };
		761E38681ED3EB9500974D2D /* AppController.c */ = {isa = PBXFileReference; fileEncoding = 4; lastKnownFileType = sourcecode.c.c; path = AppController.c; sourceTree = "<group>"; };
		761E38691ED3EB9500974D2D /* AppController.h */ = {isa = PBXFileReference; fileEncoding = 4; lastKnownFileType = sourcecode.c.h; path = AppController.h; sourceTree = "<group>"; };
		761E386B1ED3EBB000974D2D /* Common.h */ = {isa = PBXFileReference; lastKnownFileType = sourcecode.c.h; path = Common.h; sourceTree = "<group>"; };
		761E386C1ED3EBE100974D2D /* UnsortedLinkedList.c */ = {isa = PBXFileReference; fileEncoding = 4; lastKnownFileType = sourcecode.c.c; path = UnsortedLinkedList.c; sourceTree = "<group>"; };
		761E386D1ED3EBE100974D2D /* UnsortedLinkedList.h */ = {isa = PBXFileReference; fileEncoding = 4; lastKnownFileType = sourcecode.c.h; path = UnsortedLinkedList.h; sourceTree = "<group>"; };
		761E386F1ED3ED2300974D2D /* Node.c */ = {isa = PBXFileReference; fileEncoding = 4; lastKnownFileType = sourcecode.c.c; path = Node.c; sourceTree = "<group>"; };
		761E38701ED3ED2300974D2D /* Node.h */ = {isa = PBXFileReference; fileEncoding = 4; lastKnownFileType = sourcecode.c.h; path = Node.h; sourceTree = "<group>"; };
		761E38751ED3F56E00974D2D /* Message.h */ = {isa = PBXFileReference; lastKnownFileType = sourcecode.c.h; path = Message.h; sourceTree = "<group>"; };
		761E38761ED3F73C00974D2D /* Timer.c */ = {isa = PBXFileReference; fileEncoding = 4; lastKnownFileType = sourcecode.c.c; path = Timer.c; sourceTree = "<group>"; };
		761E38771ED3F73C00974D2D /* Timer.h */ = {isa = PBXFileReference; fileEncoding = 4; lastKnownFileType = sourcecode.c.h; path = Timer.h; sourceTree = "<group>"; };
/* End PBXFileReference section */

/* Begin PBXFrameworksBuildPhase section */
		761E38581ED3EB4C00974D2D /* Frameworks */ = {
			isa = PBXFrameworksBuildPhase;
			buildActionMask = 2147483647;
			files = (
			);
			runOnlyForDeploymentPostprocessing = 0;
		};
/* End PBXFrameworksBuildPhase section */

/* Begin PBXGroup section */
		761E38521ED3EB4C00974D2D = {
			isa = PBXGroup;
			children = (
				761E385D1ED3EB4C00974D2D /* CP2_WEEK11 */,
				761E385C1ED3EB4C00974D2D /* Products */,
			);
			sourceTree = "<group>";
		};
		761E385C1ED3EB4C00974D2D /* Products */ = {
			isa = PBXGroup;
			children = (
				761E385B1ED3EB4C00974D2D /* CP2_WEEK11 */,
			);
			name = Products;
			sourceTree = "<group>";
		};
		761E385D1ED3EB4C00974D2D /* CP2_WEEK11 */ = {
			isa = PBXGroup;
			children = (
				761E385E1ED3EB4C00974D2D /* main.c */,
				761E38651ED3EB8C00974D2D /* AppIO.c */,
				761E38661ED3EB8C00974D2D /* AppIO.h */,
				761E38681ED3EB9500974D2D /* AppController.c */,
				761E38691ED3EB9500974D2D /* AppController.h */,
				761E386B1ED3EBB000974D2D /* Common.h */,
				761E386C1ED3EBE100974D2D /* UnsortedLinkedList.c */,
				761E386D1ED3EBE100974D2D /* UnsortedLinkedList.h */,
				761E386F1ED3ED2300974D2D /* Node.c */,
				761E38701ED3ED2300974D2D /* Node.h */,
				761E38751ED3F56E00974D2D /* Message.h */,
				761E38761ED3F73C00974D2D /* Timer.c */,
				761E38771ED3F73C00974D2D /* Timer.h */,
			);
			path = CP2_WEEK11;
			sourceTree = "<group>";
		};
/* End PBXGroup section */

/* Begin PBXNativeTarget section */
		761E385A1ED3EB4C00974D2D /* CP2_WEEK11 */ = {
			isa = PBXNativeTarget;
			buildConfigurationList = 761E38621ED3EB4C00974D2D /* Build configuration list for PBXNativeTarget "CP2_WEEK11" */;
			buildPhases = (
				761E38571ED3EB4C00974D2D /* Sources */,
				761E38581ED3EB4C00974D2D /* Frameworks */,
				761E38591ED3EB4C00974D2D /* CopyFiles */,
			);
			buildRules = (
			);
			dependencies = (
			);
			name = CP2_WEEK11;
			productName = CP2_WEEK11;
			productReference = 761E385B1ED3EB4C00974D2D /* CP2_WEEK11 */;
			productType = "com.apple.product-type.tool";
		};
/* End PBXNativeTarget section */

/* Begin PBXProject section */
		761E38531ED3EB4C00974D2D /* Project object */ = {
			isa = PBXProject;
			attributes = {
				LastUpgradeCheck = 0800;
				ORGANIZATIONNAME = stu2017s10;
				TargetAttributes = {
					761E385A1ED3EB4C00974D2D = {
						CreatedOnToolsVersion = 8.0;
						ProvisioningStyle = Automatic;
					};
				};
			};
			buildConfigurationList = 761E38561ED3EB4C00974D2D /* Build configuration list for PBXProject "CP2_WEEK11" */;
			compatibilityVersion = "Xcode 3.2";
			developmentRegion = English;
			hasScannedForEncodings = 0;
			knownRegions = (
				en,
			);
			mainGroup = 761E38521ED3EB4C00974D2D;
			productRefGroup = 761E385C1ED3EB4C00974D2D /* Products */;
			projectDirPath = "";
			projectRoot = "";
			targets = (
				761E385A1ED3EB4C00974D2D /* CP2_WEEK11 */,
			);
		};
/* End PBXProject section */

/* Begin PBXSourcesBuildPhase section */
		761E38571ED3EB4C00974D2D /* Sources */ = {
			isa = PBXSourcesBuildPhase;
			buildActionMask = 2147483647;
			files = (
				761E38711ED3ED2300974D2D /* Node.c in Sources */,
				761E386E1ED3EBE100974D2D /* UnsortedLinkedList.c in Sources */,
				761E385F1ED3EB4C00974D2D /* main.c in Sources */,
				761E386A1ED3EB9500974D2D /* AppController.c in Sources */,
				761E38781ED3F73C00974D2D /* Timer.c in Sources */,
				761E38671ED3EB8C00974D2D /* AppIO.c in Sources */,
			);
			runOnlyForDeploymentPostprocessing = 0;
		};
/* End PBXSourcesBuildPhase section */

/* Begin XCBuildConfiguration section */
		761E38601ED3EB4C00974D2D /* Debug */ = {
			isa = XCBuildConfiguration;
			buildSettings = {
				ALWAYS_SEARCH_USER_PATHS = NO;
				CLANG_ANALYZER_NONNULL = YES;
				CLANG_CXX_LANGUAGE_STANDARD = "gnu++0x";
				CLANG_CXX_LIBRARY = "libc++";
				CLANG_ENABLE_MODULES = YES;
				CLANG_ENABLE_OBJC_ARC = YES;
				CLANG_WARN_BOOL_CONVERSION = YES;
				CLANG_WARN_CONSTANT_CONVERSION = YES;
				CLANG_WARN_DIRECT_OBJC_ISA_USAGE = YES_ERROR;
				CLANG_WARN_DOCUMENTATION_COMMENTS = YES;
				CLANG_WARN_EMPTY_BODY = YES;
				CLANG_WARN_ENUM_CONVERSION = YES;
				CLANG_WARN_INFINITE_RECURSION = YES;
				CLANG_WARN_INT_CONVERSION = YES;
				CLANG_WARN_OBJC_ROOT_CLASS = YES_ERROR;
				CLANG_WARN_SUSPICIOUS_MOVES = YES;
				CLANG_WARN_UNREACHABLE_CODE = YES;
				CLANG_WARN__DUPLICATE_METHOD_MATCH = YES;
				CODE_SIGN_IDENTITY = "-";
				COPY_PHASE_STRIP = NO;
				DEBUG_INFORMATION_FORMAT = dwarf;
				ENABLE_STRICT_OBJC_MSGSEND = YES;
				ENABLE_TESTABILITY = YES;
				GCC_C_LANGUAGE_STANDARD = gnu99;
				GCC_DYNAMIC_NO_PIC = NO;
				GCC_NO_COMMON_BLOCKS = YES;
				GCC_OPTIMIZATION_LEVEL = 0;
				GCC_PREPROCESSOR_DEFINITIONS = (
					"DEBUG=1",
					"$(inherited)",
				);
				GCC_WARN_64_TO_32_BIT_CONVERSION = YES;
				GCC_WARN_ABOUT_RETURN_TYPE = YES_ERROR;
				GCC_WARN_UNDECLARED_SELECTOR = YES;
				GCC_WARN_UNINITIALIZED_AUTOS = YES_AGGRESSIVE;
				GCC_WARN_UNUSED_FUNCTION = YES;
				GCC_WARN_UNUSED_VARIABLE = YES;
				MACOSX_DEPLOYMENT_TARGET = 10.11;
				MTL_ENABLE_DEBUG_INFO = YES;
				ONLY_ACTIVE_ARCH = YES;
				SDKROOT = macosx;
			};
			name = Debug;
		};
		761E38611ED3EB4C00974D2D /* Release */ = {
			isa = XCBuildConfiguration;
			buildSettings = {
				ALWAYS_SEARCH_USER_PATHS = NO;
				CLANG_ANALYZER_NONNULL = YES;
				CLANG_CXX_LANGUAGE_STANDARD = "gnu++0x";
				CLANG_CXX_LIBRARY = "libc++";
				CLANG_ENABLE_MODULES = YES;
				CLANG_ENABLE_OBJC_ARC = YES;
				CLANG_WARN_BOOL_CONVERSION = YES;
				CLANG_WARN_CONSTANT_CONVERSION = YES;
				CLANG_WARN_DIRECT_OBJC_ISA_USAGE = YES_ERROR;
				CLANG_WARN_DOCUMENTATION_COMMENTS = YES;
				CLANG_WARN_EMPTY_BODY = YES;
				CLANG_WARN_ENUM_CONVERSION = YES;
				CLANG_WARN_INFINITE_RECURSION = YES;
				CLANG_WARN_INT_CONVERSION = YES;
				CLANG_WARN_OBJC_ROOT_CLASS = YES_ERROR;
				CLANG_WARN_SUSPICIOUS_MOVES = YES;
				CLANG_WARN_UNREACHABLE_CODE = YES;
				CLANG_WARN__DUPLICATE_METHOD_MATCH = YES;
				CODE_SIGN_IDENTITY = "-";
				COPY_PHASE_STRIP = NO;
				DEBUG_INFORMATION_FORMAT = "dwarf-with-dsym";
				ENABLE_NS_ASSERTIONS = NO;
				ENABLE_STRICT_OBJC_MSGSEND = YES;
				GCC_C_LANGUAGE_STANDARD = gnu99;
				GCC_NO_COMMON_BLOCKS = YES;
				GCC_WARN_64_TO_32_BIT_CONVERSION = YES;
				GCC_WARN_ABOUT_RETURN_TYPE = YES_ERROR;
				GCC_WARN_UNDECLARED_SELECTOR = YES;
				GCC_WARN_UNINITIALIZED_AUTOS = YES_AGGRESSIVE;
				GCC_WARN_UNUSED_FUNCTION = YES;
				GCC_WARN_UNUSED_VARIABLE = YES;
				MACOSX_DEPLOYMENT_TARGET = 10.11;
				MTL_ENABLE_DEBUG_INFO = NO;
				SDKROOT = macosx;
			};
			name = Release;
		};
		761E38631ED3EB4C00974D2D /* Debug */ = {
			isa = XCBuildConfiguration;
			buildSettings = {
				PRODUCT_NAME = "$(TARGET_NAME)";
			};
			name = Debug;
		};
		761E38641ED3EB4C00974D2D /* Release */ = {
			isa = XCBuildConfiguration;
			buildSettings = {
				PRODUCT_NAME = "$(TARGET_NAME)";
			};
			name = Release;
		};
/* End XCBuildConfiguration section */

/* Begin XCConfigurationList section */
		761E38561ED3EB4C00974D2D /* Build configuration list for PBXProject "CP2_WEEK11" */ = {
			isa = XCConfigurationList;
			buildConfigurations = (
				761E38601ED3EB4C00974D2D /* Debug */,
				761E38611ED3EB4C00974D2D /* Release */,
			);
			defaultConfigurationIsVisible = 0;
			defaultConfigurationName = Release;
		};
		761E38621ED3EB4C00974D2D /* Build configuration list for PBXNativeTarget "CP2_WEEK11" */ = {
			isa = XCConfigurationList;
			buildConfigurations = (
				761E38631ED3EB4C00974D2D /* Debug */,
				761E38641ED3EB4C00974D2D /* Release */,
			);
			defaultConfigurationIsVisible = 0;
			defaultConfigurationName = Release;
		};
/* End XCConfigurationList section */
	};
	rootObject = 761E38531ED3EB4C00974D2D /* Project object */;
}
