// !$*UTF8*$!
{
	archiveVersion = 1;
	classes = {
	};
	objectVersion = 46;
	objects = {

/* Begin PBXBuildFile section */
		766ACBCC1E8B3FAD00EA225A /* main.c in Sources */ = {isa = PBXBuildFile; fileRef = 766ACBCB1E8B3FAD00EA225A /* main.c */; };
		766ACBD41E8B3FE400EA225A /* AppIO.c in Sources */ = {isa = PBXBuildFile; fileRef = 766ACBD21E8B3FE400EA225A /* AppIO.c */; };
		766ACBD71E8B3FF300EA225A /* MagicSquare.c in Sources */ = {isa = PBXBuildFile; fileRef = 766ACBD51E8B3FF300EA225A /* MagicSquare.c */; };
/* End PBXBuildFile section */

/* Begin PBXCopyFilesBuildPhase section */
		766ACBC61E8B3FAD00EA225A /* CopyFiles */ = {
			isa = PBXCopyFilesBuildPhase;
			buildActionMask = 2147483647;
			dstPath = /usr/share/man/man1/;
			dstSubfolderSpec = 0;
			files = (
			);
			runOnlyForDeploymentPostprocessing = 1;
		};
/* End PBXCopyFilesBuildPhase section */

/* Begin PBXFileReference section */
		766ACBC81E8B3FAD00EA225A /* CP2_WEEK4_2 */ = {isa = PBXFileReference; explicitFileType = "compiled.mach-o.executable"; includeInIndex = 0; path = CP2_WEEK4_2; sourceTree = BUILT_PRODUCTS_DIR; };
		766ACBCB1E8B3FAD00EA225A /* main.c */ = {isa = PBXFileReference; lastKnownFileType = sourcecode.c.c; path = main.c; sourceTree = "<group>"; };
		766ACBD21E8B3FE400EA225A /* AppIO.c */ = {isa = PBXFileReference; fileEncoding = 4; lastKnownFileType = sourcecode.c.c; path = AppIO.c; sourceTree = "<group>"; };
		766ACBD31E8B3FE400EA225A /* AppIO.h */ = {isa = PBXFileReference; fileEncoding = 4; lastKnownFileType = sourcecode.c.h; path = AppIO.h; sourceTree = "<group>"; };
		766ACBD51E8B3FF300EA225A /* MagicSquare.c */ = {isa = PBXFileReference; fileEncoding = 4; lastKnownFileType = sourcecode.c.c; path = MagicSquare.c; sourceTree = "<group>"; };
		766ACBD61E8B3FF300EA225A /* MagicSquare.h */ = {isa = PBXFileReference; fileEncoding = 4; lastKnownFileType = sourcecode.c.h; path = MagicSquare.h; sourceTree = "<group>"; };
		766ACBD81E8B400600EA225A /* Common.h */ = {isa = PBXFileReference; lastKnownFileType = sourcecode.c.h; path = Common.h; sourceTree = "<group>"; };
/* End PBXFileReference section */

/* Begin PBXFrameworksBuildPhase section */
		766ACBC51E8B3FAD00EA225A /* Frameworks */ = {
			isa = PBXFrameworksBuildPhase;
			buildActionMask = 2147483647;
			files = (
			);
			runOnlyForDeploymentPostprocessing = 0;
		};
/* End PBXFrameworksBuildPhase section */

/* Begin PBXGroup section */
		766ACBBF1E8B3FAD00EA225A = {
			isa = PBXGroup;
			children = (
				766ACBCA1E8B3FAD00EA225A /* CP2_WEEK4_2 */,
				766ACBC91E8B3FAD00EA225A /* Products */,
			);
			sourceTree = "<group>";
		};
		766ACBC91E8B3FAD00EA225A /* Products */ = {
			isa = PBXGroup;
			children = (
				766ACBC81E8B3FAD00EA225A /* CP2_WEEK4_2 */,
			);
			name = Products;
			sourceTree = "<group>";
		};
		766ACBCA1E8B3FAD00EA225A /* CP2_WEEK4_2 */ = {
			isa = PBXGroup;
			children = (
				766ACBCB1E8B3FAD00EA225A /* main.c */,
				766ACBD21E8B3FE400EA225A /* AppIO.c */,
				766ACBD31E8B3FE400EA225A /* AppIO.h */,
				766ACBD51E8B3FF300EA225A /* MagicSquare.c */,
				766ACBD61E8B3FF300EA225A /* MagicSquare.h */,
				766ACBD81E8B400600EA225A /* Common.h */,
			);
			path = CP2_WEEK4_2;
			sourceTree = "<group>";
		};
/* End PBXGroup section */

/* Begin PBXNativeTarget section */
		766ACBC71E8B3FAD00EA225A /* CP2_WEEK4_2 */ = {
			isa = PBXNativeTarget;
			buildConfigurationList = 766ACBCF1E8B3FAD00EA225A /* Build configuration list for PBXNativeTarget "CP2_WEEK4_2" */;
			buildPhases = (
				766ACBC41E8B3FAD00EA225A /* Sources */,
				766ACBC51E8B3FAD00EA225A /* Frameworks */,
				766ACBC61E8B3FAD00EA225A /* CopyFiles */,
			);
			buildRules = (
			);
			dependencies = (
			);
			name = CP2_WEEK4_2;
			productName = CP2_WEEK4_2;
			productReference = 766ACBC81E8B3FAD00EA225A /* CP2_WEEK4_2 */;
			productType = "com.apple.product-type.tool";
		};
/* End PBXNativeTarget section */

/* Begin PBXProject section */
		766ACBC01E8B3FAD00EA225A /* Project object */ = {
			isa = PBXProject;
			attributes = {
				LastUpgradeCheck = 0800;
				ORGANIZATIONNAME = stu2017s10;
				TargetAttributes = {
					766ACBC71E8B3FAD00EA225A = {
						CreatedOnToolsVersion = 8.0;
						ProvisioningStyle = Automatic;
					};
				};
			};
			buildConfigurationList = 766ACBC31E8B3FAD00EA225A /* Build configuration list for PBXProject "CP2_WEEK4_2" */;
			compatibilityVersion = "Xcode 3.2";
			developmentRegion = English;
			hasScannedForEncodings = 0;
			knownRegions = (
				en,
			);
			mainGroup = 766ACBBF1E8B3FAD00EA225A;
			productRefGroup = 766ACBC91E8B3FAD00EA225A /* Products */;
			projectDirPath = "";
			projectRoot = "";
			targets = (
				766ACBC71E8B3FAD00EA225A /* CP2_WEEK4_2 */,
			);
		};
/* End PBXProject section */

/* Begin PBXSourcesBuildPhase section */
		766ACBC41E8B3FAD00EA225A /* Sources */ = {
			isa = PBXSourcesBuildPhase;
			buildActionMask = 2147483647;
			files = (
				766ACBCC1E8B3FAD00EA225A /* main.c in Sources */,
				766ACBD41E8B3FE400EA225A /* AppIO.c in Sources */,
				766ACBD71E8B3FF300EA225A /* MagicSquare.c in Sources */,
			);
			runOnlyForDeploymentPostprocessing = 0;
		};
/* End PBXSourcesBuildPhase section */

/* Begin XCBuildConfiguration section */
		766ACBCD1E8B3FAD00EA225A /* Debug */ = {
			isa = XCBuildConfiguration;
			buildSettings = {
				ALWAYS_SEARCH_USER_PATHS = NO;
				CLANG_ANALYZER_NONNULL = YES;
				CLANG_CXX_LANGUAGE_STANDARD = "gnu++0x";
				CLANG_CXX_LIBRARY = "libc++";
				CLANG_ENABLE_MODULES = YES;
				CLANG_ENABLE_OBJC_ARC = YES;
				CLANG_WARN_BOOL_CONVERSION = YES;
				CLANG_WARN_CONSTANT_CONVERSION = YES;
				CLANG_WARN_DIRECT_OBJC_ISA_USAGE = YES_ERROR;
				CLANG_WARN_DOCUMENTATION_COMMENTS = YES;
				CLANG_WARN_EMPTY_BODY = YES;
				CLANG_WARN_ENUM_CONVERSION = YES;
				CLANG_WARN_INFINITE_RECURSION = YES;
				CLANG_WARN_INT_CONVERSION = YES;
				CLANG_WARN_OBJC_ROOT_CLASS = YES_ERROR;
				CLANG_WARN_SUSPICIOUS_MOVES = YES;
				CLANG_WARN_UNREACHABLE_CODE = YES;
				CLANG_WARN__DUPLICATE_METHOD_MATCH = YES;
				CODE_SIGN_IDENTITY = "-";
				COPY_PHASE_STRIP = NO;
				DEBUG_INFORMATION_FORMAT = dwarf;
				ENABLE_STRICT_OBJC_MSGSEND = YES;
				ENABLE_TESTABILITY = YES;
				GCC_C_LANGUAGE_STANDARD = gnu99;
				GCC_DYNAMIC_NO_PIC = NO;
				GCC_NO_COMMON_BLOCKS = YES;
				GCC_OPTIMIZATION_LEVEL = 0;
				GCC_PREPROCESSOR_DEFINITIONS = (
					"DEBUG=1",
					"$(inherited)",
				);
				GCC_WARN_64_TO_32_BIT_CONVERSION = YES;
				GCC_WARN_ABOUT_RETURN_TYPE = YES_ERROR;
				GCC_WARN_UNDECLARED_SELECTOR = YES;
				GCC_WARN_UNINITIALIZED_AUTOS = YES_AGGRESSIVE;
				GCC_WARN_UNUSED_FUNCTION = YES;
				GCC_WARN_UNUSED_VARIABLE = YES;
				MACOSX_DEPLOYMENT_TARGET = 10.11;
				MTL_ENABLE_DEBUG_INFO = YES;
				ONLY_ACTIVE_ARCH = YES;
				SDKROOT = macosx;
			};
			name = Debug;
		};
		766ACBCE1E8B3FAD00EA225A /* Release */ = {
			isa = XCBuildConfiguration;
			buildSettings = {
				ALWAYS_SEARCH_USER_PATHS = NO;
				CLANG_ANALYZER_NONNULL = YES;
				CLANG_CXX_LANGUAGE_STANDARD = "gnu++0x";
				CLANG_CXX_LIBRARY = "libc++";
				CLANG_ENABLE_MODULES = YES;
				CLANG_ENABLE_OBJC_ARC = YES;
				CLANG_WARN_BOOL_CONVERSION = YES;
				CLANG_WARN_CONSTANT_CONVERSION = YES;
				CLANG_WARN_DIRECT_OBJC_ISA_USAGE = YES_ERROR;
				CLANG_WARN_DOCUMENTATION_COMMENTS = YES;
				CLANG_WARN_EMPTY_BODY = YES;
				CLANG_WARN_ENUM_CONVERSION = YES;
				CLANG_WARN_INFINITE_RECURSION = YES;
				CLANG_WARN_INT_CONVERSION = YES;
				CLANG_WARN_OBJC_ROOT_CLASS = YES_ERROR;
				CLANG_WARN_SUSPICIOUS_MOVES = YES;
				CLANG_WARN_UNREACHABLE_CODE = YES;
				CLANG_WARN__DUPLICATE_METHOD_MATCH = YES;
				CODE_SIGN_IDENTITY = "-";
				COPY_PHASE_STRIP = NO;
				DEBUG_INFORMATION_FORMAT = "dwarf-with-dsym";
				ENABLE_NS_ASSERTIONS = NO;
				ENABLE_STRICT_OBJC_MSGSEND = YES;
				GCC_C_LANGUAGE_STANDARD = gnu99;
				GCC_NO_COMMON_BLOCKS = YES;
				GCC_WARN_64_TO_32_BIT_CONVERSION = YES;
				GCC_WARN_ABOUT_RETURN_TYPE = YES_ERROR;
				GCC_WARN_UNDECLARED_SELECTOR = YES;
				GCC_WARN_UNINITIALIZED_AUTOS = YES_AGGRESSIVE;
				GCC_WARN_UNUSED_FUNCTION = YES;
				GCC_WARN_UNUSED_VARIABLE = YES;
				MACOSX_DEPLOYMENT_TARGET = 10.11;
				MTL_ENABLE_DEBUG_INFO = NO;
				SDKROOT = macosx;
			};
			name = Release;
		};
		766ACBD01E8B3FAD00EA225A /* Debug */ = {
			isa = XCBuildConfiguration;
			buildSettings = {
				PRODUCT_NAME = "$(TARGET_NAME)";
			};
			name = Debug;
		};
		766ACBD11E8B3FAD00EA225A /* Release */ = {
			isa = XCBuildConfiguration;
			buildSettings = {
				PRODUCT_NAME = "$(TARGET_NAME)";
			};
			name = Release;
		};
/* End XCBuildConfiguration section */

/* Begin XCConfigurationList section */
		766ACBC31E8B3FAD00EA225A /* Build configuration list for PBXProject "CP2_WEEK4_2" */ = {
			isa = XCConfigurationList;
			buildConfigurations = (
				766ACBCD1E8B3FAD00EA225A /* Debug */,
				766ACBCE1E8B3FAD00EA225A /* Release */,
			);
			defaultConfigurationIsVisible = 0;
			defaultConfigurationName = Release;
		};
		766ACBCF1E8B3FAD00EA225A /* Build configuration list for PBXNativeTarget "CP2_WEEK4_2" */ = {
			isa = XCConfigurationList;
			buildConfigurations = (
				766ACBD01E8B3FAD00EA225A /* Debug */,
				766ACBD11E8B3FAD00EA225A /* Release */,
			);
			defaultConfigurationIsVisible = 0;
		};
/* End XCConfigurationList section */
	};
	rootObject = 766ACBC01E8B3FAD00EA225A /* Project object */;
}
