// !$*UTF8*$!
{
	archiveVersion = 1;
	classes = {
	};
	objectVersion = 46;
	objects = {

/* Begin PBXBuildFile section */
		76713EAC1EDBFB9800B79D16 /* main.c in Sources */ = {isa = PBXBuildFile; fileRef = 76713EAB1EDBFB9800B79D16 /* main.c */; };
		76713EB71EDBFC6300B79D16 /* Node.c in Sources */ = {isa = PBXBuildFile; fileRef = 76713EB51EDBFC6300B79D16 /* Node.c */; };
		76713EBA1EDBFC7100B79D16 /* Timer.c in Sources */ = {isa = PBXBuildFile; fileRef = 76713EB81EDBFC7100B79D16 /* Timer.c */; };
		76713EBD1EDBFC7900B79D16 /* AppIO.c in Sources */ = {isa = PBXBuildFile; fileRef = 76713EBB1EDBFC7900B79D16 /* AppIO.c */; };
		76713EC01EDBFC8300B79D16 /* AppController.c in Sources */ = {isa = PBXBuildFile; fileRef = 76713EBE1EDBFC8300B79D16 /* AppController.c */; };
		76713EC51EDBFE2900B79D16 /* UnsortedLinkedList.c in Sources */ = {isa = PBXBuildFile; fileRef = 76713EC31EDBFE2900B79D16 /* UnsortedLinkedList.c */; };
		76713EC81EDBFE3300B79D16 /* SortedLinkedList.c in Sources */ = {isa = PBXBuildFile; fileRef = 76713EC61EDBFE3300B79D16 /* SortedLinkedList.c */; };
/* End PBXBuildFile section */

/* Begin PBXCopyFilesBuildPhase section */
		76713EA61EDBFB9800B79D16 /* CopyFiles */ = {
			isa = PBXCopyFilesBuildPhase;
			buildActionMask = 2147483647;
			dstPath = /usr/share/man/man1/;
			dstSubfolderSpec = 0;
			files = (
			);
			runOnlyForDeploymentPostprocessing = 1;
		};
/* End PBXCopyFilesBuildPhase section */

/* Begin PBXFileReference section */
		760F22941EDC47ED0034BD06 /* Node.h */ = {isa = PBXFileReference; lastKnownFileType = sourcecode.c.h; path = Node.h; sourceTree = "<group>"; };
		76713EA81EDBFB9800B79D16 /* CP2_WEEK11_2 */ = {isa = PBXFileReference; explicitFileType = "compiled.mach-o.executable"; includeInIndex = 0; path = CP2_WEEK11_2; sourceTree = BUILT_PRODUCTS_DIR; };
		76713EAB1EDBFB9800B79D16 /* main.c */ = {isa = PBXFileReference; lastKnownFileType = sourcecode.c.c; path = main.c; sourceTree = "<group>"; };
		76713EB51EDBFC6300B79D16 /* Node.c */ = {isa = PBXFileReference; fileEncoding = 4; lastKnownFileType = sourcecode.c.c; path = Node.c; sourceTree = "<group>"; };
		76713EB81EDBFC7100B79D16 /* Timer.c */ = {isa = PBXFileReference; fileEncoding = 4; lastKnownFileType = sourcecode.c.c; path = Timer.c; sourceTree = "<group>"; };
		76713EB91EDBFC7100B79D16 /* Timer.h */ = {isa = PBXFileReference; fileEncoding = 4; lastKnownFileType = sourcecode.c.h; path = Timer.h; sourceTree = "<group>"; };
		76713EBB1EDBFC7900B79D16 /* AppIO.c */ = {isa = PBXFileReference; fileEncoding = 4; lastKnownFileType = sourcecode.c.c; path = AppIO.c; sourceTree = "<group>"; };
		76713EBC1EDBFC7900B79D16 /* AppIO.h */ = {isa = PBXFileReference; fileEncoding = 4; lastKnownFileType = sourcecode.c.h; path = AppIO.h; sourceTree = "<group>"; };
		76713EBE1EDBFC8300B79D16 /* AppController.c */ = {isa = PBXFileReference; fileEncoding = 4; lastKnownFileType = sourcecode.c.c; path = AppController.c; sourceTree = "<group>"; };
		76713EBF1EDBFC8300B79D16 /* AppController.h */ = {isa = PBXFileReference; fileEncoding = 4; lastKnownFileType = sourcecode.c.h; path = AppController.h; sourceTree = "<group>"; };
		76713EC11EDBFCA200B79D16 /* Message.h */ = {isa = PBXFileReference; lastKnownFileType = sourcecode.c.h; path = Message.h; sourceTree = "<group>"; };
		76713EC21EDBFCA900B79D16 /* Common.h */ = {isa = PBXFileReference; lastKnownFileType = sourcecode.c.h; path = Common.h; sourceTree = "<group>"; };
		76713EC31EDBFE2900B79D16 /* UnsortedLinkedList.c */ = {isa = PBXFileReference; fileEncoding = 4; lastKnownFileType = sourcecode.c.c; path = UnsortedLinkedList.c; sourceTree = "<group>"; };
		76713EC41EDBFE2900B79D16 /* UnsortedLinkedList.h */ = {isa = PBXFileReference; fileEncoding = 4; lastKnownFileType = sourcecode.c.h; path = UnsortedLinkedList.h; sourceTree = "<group>"; };
		76713EC61EDBFE3300B79D16 /* SortedLinkedList.c */ = {isa = PBXFileReference; fileEncoding = 4; lastKnownFileType = sourcecode.c.c; path = SortedLinkedList.c; sourceTree = "<group>"; };
		76713EC71EDBFE3300B79D16 /* SortedLinkedList.h */ = {isa = PBXFileReference; fileEncoding = 4; lastKnownFileType = sourcecode.c.h; path = SortedLinkedList.h; sourceTree = "<group>"; };
/* End PBXFileReference section */

/* Begin PBXFrameworksBuildPhase section */
		76713EA51EDBFB9800B79D16 /* Frameworks */ = {
			isa = PBXFrameworksBuildPhase;
			buildActionMask = 2147483647;
			files = (
			);
			runOnlyForDeploymentPostprocessing = 0;
		};
/* End PBXFrameworksBuildPhase section */

/* Begin PBXGroup section */
		76713E9F1EDBFB9800B79D16 = {
			isa = PBXGroup;
			children = (
				76713EAA1EDBFB9800B79D16 /* CP2_WEEK11_2 */,
				76713EA91EDBFB9800B79D16 /* Products */,
			);
			sourceTree = "<group>";
		};
		76713EA91EDBFB9800B79D16 /* Products */ = {
			isa = PBXGroup;
			children = (
				76713EA81EDBFB9800B79D16 /* CP2_WEEK11_2 */,
			);
			name = Products;
			sourceTree = "<group>";
		};
		76713EAA1EDBFB9800B79D16 /* CP2_WEEK11_2 */ = {
			isa = PBXGroup;
			children = (
				76713EAB1EDBFB9800B79D16 /* main.c */,
				76713EB51EDBFC6300B79D16 /* Node.c */,
				760F22941EDC47ED0034BD06 /* Node.h */,
				76713EB81EDBFC7100B79D16 /* Timer.c */,
				76713EB91EDBFC7100B79D16 /* Timer.h */,
				76713EBB1EDBFC7900B79D16 /* AppIO.c */,
				76713EBC1EDBFC7900B79D16 /* AppIO.h */,
				76713EBE1EDBFC8300B79D16 /* AppController.c */,
				76713EBF1EDBFC8300B79D16 /* AppController.h */,
				76713EC11EDBFCA200B79D16 /* Message.h */,
				76713EC21EDBFCA900B79D16 /* Common.h */,
				76713EC31EDBFE2900B79D16 /* UnsortedLinkedList.c */,
				76713EC41EDBFE2900B79D16 /* UnsortedLinkedList.h */,
				76713EC61EDBFE3300B79D16 /* SortedLinkedList.c */,
				76713EC71EDBFE3300B79D16 /* SortedLinkedList.h */,
			);
			path = CP2_WEEK11_2;
			sourceTree = "<group>";
		};
/* End PBXGroup section */

/* Begin PBXNativeTarget section */
		76713EA71EDBFB9800B79D16 /* CP2_WEEK11_2 */ = {
			isa = PBXNativeTarget;
			buildConfigurationList = 76713EAF1EDBFB9800B79D16 /* Build configuration list for PBXNativeTarget "CP2_WEEK11_2" */;
			buildPhases = (
				76713EA41EDBFB9800B79D16 /* Sources */,
				76713EA51EDBFB9800B79D16 /* Frameworks */,
				76713EA61EDBFB9800B79D16 /* CopyFiles */,
			);
			buildRules = (
			);
			dependencies = (
			);
			name = CP2_WEEK11_2;
			productName = CP2_WEEK11_2;
			productReference = 76713EA81EDBFB9800B79D16 /* CP2_WEEK11_2 */;
			productType = "com.apple.product-type.tool";
		};
/* End PBXNativeTarget section */

/* Begin PBXProject section */
		76713EA01EDBFB9800B79D16 /* Project object */ = {
			isa = PBXProject;
			attributes = {
				LastUpgradeCheck = 0800;
				ORGANIZATIONNAME = stu2017s10;
				TargetAttributes = {
					76713EA71EDBFB9800B79D16 = {
						CreatedOnToolsVersion = 8.0;
						ProvisioningStyle = Automatic;
					};
				};
			};
			buildConfigurationList = 76713EA31EDBFB9800B79D16 /* Build configuration list for PBXProject "CP2_WEEK11_2" */;
			compatibilityVersion = "Xcode 3.2";
			developmentRegion = English;
			hasScannedForEncodings = 0;
			knownRegions = (
				en,
			);
			mainGroup = 76713E9F1EDBFB9800B79D16;
			productRefGroup = 76713EA91EDBFB9800B79D16 /* Products */;
			projectDirPath = "";
			projectRoot = "";
			targets = (
				76713EA71EDBFB9800B79D16 /* CP2_WEEK11_2 */,
			);
		};
/* End PBXProject section */

/* Begin PBXSourcesBuildPhase section */
		76713EA41EDBFB9800B79D16 /* Sources */ = {
			isa = PBXSourcesBuildPhase;
			buildActionMask = 2147483647;
			files = (
				76713EBA1EDBFC7100B79D16 /* Timer.c in Sources */,
				76713EBD1EDBFC7900B79D16 /* AppIO.c in Sources */,
				76713EC81EDBFE3300B79D16 /* SortedLinkedList.c in Sources */,
				76713EC51EDBFE2900B79D16 /* UnsortedLinkedList.c in Sources */,
				76713EAC1EDBFB9800B79D16 /* main.c in Sources */,
				76713EC01EDBFC8300B79D16 /* AppController.c in Sources */,
				76713EB71EDBFC6300B79D16 /* Node.c in Sources */,
			);
			runOnlyForDeploymentPostprocessing = 0;
		};
/* End PBXSourcesBuildPhase section */

/* Begin XCBuildConfiguration section */
		76713EAD1EDBFB9800B79D16 /* Debug */ = {
			isa = XCBuildConfiguration;
			buildSettings = {
				ALWAYS_SEARCH_USER_PATHS = NO;
				CLANG_ANALYZER_NONNULL = YES;
				CLANG_CXX_LANGUAGE_STANDARD = "gnu++0x";
				CLANG_CXX_LIBRARY = "libc++";
				CLANG_ENABLE_MODULES = YES;
				CLANG_ENABLE_OBJC_ARC = YES;
				CLANG_WARN_BOOL_CONVERSION = YES;
				CLANG_WARN_CONSTANT_CONVERSION = YES;
				CLANG_WARN_DIRECT_OBJC_ISA_USAGE = YES_ERROR;
				CLANG_WARN_DOCUMENTATION_COMMENTS = YES;
				CLANG_WARN_EMPTY_BODY = YES;
				CLANG_WARN_ENUM_CONVERSION = YES;
				CLANG_WARN_INFINITE_RECURSION = YES;
				CLANG_WARN_INT_CONVERSION = YES;
				CLANG_WARN_OBJC_ROOT_CLASS = YES_ERROR;
				CLANG_WARN_SUSPICIOUS_MOVES = YES;
				CLANG_WARN_UNREACHABLE_CODE = YES;
				CLANG_WARN__DUPLICATE_METHOD_MATCH = YES;
				CODE_SIGN_IDENTITY = "-";
				COPY_PHASE_STRIP = NO;
				DEBUG_INFORMATION_FORMAT = dwarf;
				ENABLE_STRICT_OBJC_MSGSEND = YES;
				ENABLE_TESTABILITY = YES;
				GCC_C_LANGUAGE_STANDARD = gnu99;
				GCC_DYNAMIC_NO_PIC = NO;
				GCC_NO_COMMON_BLOCKS = YES;
				GCC_OPTIMIZATION_LEVEL = 0;
				GCC_PREPROCESSOR_DEFINITIONS = (
					"DEBUG=1",
					"$(inherited)",
				);
				GCC_WARN_64_TO_32_BIT_CONVERSION = YES;
				GCC_WARN_ABOUT_RETURN_TYPE = YES_ERROR;
				GCC_WARN_UNDECLARED_SELECTOR = YES;
				GCC_WARN_UNINITIALIZED_AUTOS = YES_AGGRESSIVE;
				GCC_WARN_UNUSED_FUNCTION = YES;
				GCC_WARN_UNUSED_VARIABLE = YES;
				MACOSX_DEPLOYMENT_TARGET = 10.11;
				MTL_ENABLE_DEBUG_INFO = YES;
				ONLY_ACTIVE_ARCH = YES;
				SDKROOT = macosx;
			};
			name = Debug;
		};
		76713EAE1EDBFB9800B79D16 /* Release */ = {
			isa = XCBuildConfiguration;
			buildSettings = {
				ALWAYS_SEARCH_USER_PATHS = NO;
				CLANG_ANALYZER_NONNULL = YES;
				CLANG_CXX_LANGUAGE_STANDARD = "gnu++0x";
				CLANG_CXX_LIBRARY = "libc++";
				CLANG_ENABLE_MODULES = YES;
				CLANG_ENABLE_OBJC_ARC = YES;
				CLANG_WARN_BOOL_CONVERSION = YES;
				CLANG_WARN_CONSTANT_CONVERSION = YES;
				CLANG_WARN_DIRECT_OBJC_ISA_USAGE = YES_ERROR;
				CLANG_WARN_DOCUMENTATION_COMMENTS = YES;
				CLANG_WARN_EMPTY_BODY = YES;
				CLANG_WARN_ENUM_CONVERSION = YES;
				CLANG_WARN_INFINITE_RECURSION = YES;
				CLANG_WARN_INT_CONVERSION = YES;
				CLANG_WARN_OBJC_ROOT_CLASS = YES_ERROR;
				CLANG_WARN_SUSPICIOUS_MOVES = YES;
				CLANG_WARN_UNREACHABLE_CODE = YES;
				CLANG_WARN__DUPLICATE_METHOD_MATCH = YES;
				CODE_SIGN_IDENTITY = "-";
				COPY_PHASE_STRIP = NO;
				DEBUG_INFORMATION_FORMAT = "dwarf-with-dsym";
				ENABLE_NS_ASSERTIONS = NO;
				ENABLE_STRICT_OBJC_MSGSEND = YES;
				GCC_C_LANGUAGE_STANDARD = gnu99;
				GCC_NO_COMMON_BLOCKS = YES;
				GCC_WARN_64_TO_32_BIT_CONVERSION = YES;
				GCC_WARN_ABOUT_RETURN_TYPE = YES_ERROR;
				GCC_WARN_UNDECLARED_SELECTOR = YES;
				GCC_WARN_UNINITIALIZED_AUTOS = YES_AGGRESSIVE;
				GCC_WARN_UNUSED_FUNCTION = YES;
				GCC_WARN_UNUSED_VARIABLE = YES;
				MACOSX_DEPLOYMENT_TARGET = 10.11;
				MTL_ENABLE_DEBUG_INFO = NO;
				SDKROOT = macosx;
			};
			name = Release;
		};
		76713EB01EDBFB9800B79D16 /* Debug */ = {
			isa = XCBuildConfiguration;
			buildSettings = {
				PRODUCT_NAME = "$(TARGET_NAME)";
			};
			name = Debug;
		};
		76713EB11EDBFB9800B79D16 /* Release */ = {
			isa = XCBuildConfiguration;
			buildSettings = {
				PRODUCT_NAME = "$(TARGET_NAME)";
			};
			name = Release;
		};
/* End XCBuildConfiguration section */

/* Begin XCConfigurationList section */
		76713EA31EDBFB9800B79D16 /* Build configuration list for PBXProject "CP2_WEEK11_2" */ = {
			isa = XCConfigurationList;
			buildConfigurations = (
				76713EAD1EDBFB9800B79D16 /* Debug */,
				76713EAE1EDBFB9800B79D16 /* Release */,
			);
			defaultConfigurationIsVisible = 0;
			defaultConfigurationName = Release;
		};
		76713EAF1EDBFB9800B79D16 /* Build configuration list for PBXNativeTarget "CP2_WEEK11_2" */ = {
			isa = XCConfigurationList;
			buildConfigurations = (
				76713EB01EDBFB9800B79D16 /* Debug */,
				76713EB11EDBFB9800B79D16 /* Release */,
			);
			defaultConfigurationIsVisible = 0;
			defaultConfigurationName = Release;
		};
/* End XCConfigurationList section */
	};
	rootObject = 76713EA01EDBFB9800B79D16 /* Project object */;
}
