// !$*UTF8*$!
{
	archiveVersion = 1;
	classes = {
	};
	objectVersion = 46;
	objects = {

/* Begin PBXBuildFile section */
		767334911E8A174900284CE1 /* main.c in Sources */ = {isa = PBXBuildFile; fileRef = 767334901E8A174900284CE1 /* main.c */; };
		767334991E8A1E7500284CE1 /* AppIO.c in Sources */ = {isa = PBXBuildFile; fileRef = 767334971E8A1E7500284CE1 /* AppIO.c */; };
		7673349C1E8A21E400284CE1 /* QuadEquationProblem.c in Sources */ = {isa = PBXBuildFile; fileRef = 7673349A1E8A21E400284CE1 /* QuadEquationProblem.c */; };
		767334A21E8A251D00284CE1 /* Roots.c in Sources */ = {isa = PBXBuildFile; fileRef = 767334A11E8A251D00284CE1 /* Roots.c */; };
/* End PBXBuildFile section */

/* Begin PBXCopyFilesBuildPhase section */
		7673348B1E8A174900284CE1 /* CopyFiles */ = {
			isa = PBXCopyFilesBuildPhase;
			buildActionMask = 2147483647;
			dstPath = /usr/share/man/man1/;
			dstSubfolderSpec = 0;
			files = (
			);
			runOnlyForDeploymentPostprocessing = 1;
		};
/* End PBXCopyFilesBuildPhase section */

/* Begin PBXFileReference section */
		766ACBBE1E8B3E8E00EA225A /* Common.h */ = {isa = PBXFileReference; lastKnownFileType = sourcecode.c.h; path = Common.h; sourceTree = "<group>"; };
		7673348D1E8A174900284CE1 /* CP2_WEEK4 */ = {isa = PBXFileReference; explicitFileType = "compiled.mach-o.executable"; includeInIndex = 0; path = CP2_WEEK4; sourceTree = BUILT_PRODUCTS_DIR; };
		767334901E8A174900284CE1 /* main.c */ = {isa = PBXFileReference; lastKnownFileType = sourcecode.c.c; path = main.c; sourceTree = "<group>"; };
		767334971E8A1E7500284CE1 /* AppIO.c */ = {isa = PBXFileReference; fileEncoding = 4; lastKnownFileType = sourcecode.c.c; path = AppIO.c; sourceTree = "<group>"; };
		767334981E8A1E7500284CE1 /* AppIO.h */ = {isa = PBXFileReference; fileEncoding = 4; lastKnownFileType = sourcecode.c.h; path = AppIO.h; sourceTree = "<group>"; };
		7673349A1E8A21E400284CE1 /* QuadEquationProblem.c */ = {isa = PBXFileReference; fileEncoding = 4; lastKnownFileType = sourcecode.c.c; path = QuadEquationProblem.c; sourceTree = "<group>"; };
		7673349B1E8A21E400284CE1 /* QuadEquationProblem.h */ = {isa = PBXFileReference; fileEncoding = 4; lastKnownFileType = sourcecode.c.h; path = QuadEquationProblem.h; sourceTree = "<group>"; };
		767334A11E8A251D00284CE1 /* Roots.c */ = {isa = PBXFileReference; fileEncoding = 4; lastKnownFileType = sourcecode.c.c; path = Roots.c; sourceTree = "<group>"; };
		767334A31E8A253C00284CE1 /* Roots.h */ = {isa = PBXFileReference; lastKnownFileType = sourcecode.c.h; path = Roots.h; sourceTree = "<group>"; };
/* End PBXFileReference section */

/* Begin PBXFrameworksBuildPhase section */
		7673348A1E8A174900284CE1 /* Frameworks */ = {
			isa = PBXFrameworksBuildPhase;
			buildActionMask = 2147483647;
			files = (
			);
			runOnlyForDeploymentPostprocessing = 0;
		};
/* End PBXFrameworksBuildPhase section */

/* Begin PBXGroup section */
		767334841E8A174900284CE1 = {
			isa = PBXGroup;
			children = (
				7673348F1E8A174900284CE1 /* CP2_WEEK4 */,
				7673348E1E8A174900284CE1 /* Products */,
			);
			sourceTree = "<group>";
		};
		7673348E1E8A174900284CE1 /* Products */ = {
			isa = PBXGroup;
			children = (
				7673348D1E8A174900284CE1 /* CP2_WEEK4 */,
			);
			name = Products;
			sourceTree = "<group>";
		};
		7673348F1E8A174900284CE1 /* CP2_WEEK4 */ = {
			isa = PBXGroup;
			children = (
				767334901E8A174900284CE1 /* main.c */,
				767334971E8A1E7500284CE1 /* AppIO.c */,
				767334981E8A1E7500284CE1 /* AppIO.h */,
				7673349A1E8A21E400284CE1 /* QuadEquationProblem.c */,
				7673349B1E8A21E400284CE1 /* QuadEquationProblem.h */,
				767334A11E8A251D00284CE1 /* Roots.c */,
				767334A31E8A253C00284CE1 /* Roots.h */,
				766ACBBE1E8B3E8E00EA225A /* Common.h */,
			);
			path = CP2_WEEK4;
			sourceTree = "<group>";
		};
/* End PBXGroup section */

/* Begin PBXNativeTarget section */
		7673348C1E8A174900284CE1 /* CP2_WEEK4 */ = {
			isa = PBXNativeTarget;
			buildConfigurationList = 767334941E8A174900284CE1 /* Build configuration list for PBXNativeTarget "CP2_WEEK4" */;
			buildPhases = (
				767334891E8A174900284CE1 /* Sources */,
				7673348A1E8A174900284CE1 /* Frameworks */,
				7673348B1E8A174900284CE1 /* CopyFiles */,
			);
			buildRules = (
			);
			dependencies = (
			);
			name = CP2_WEEK4;
			productName = CP2_WEEK4;
			productReference = 7673348D1E8A174900284CE1 /* CP2_WEEK4 */;
			productType = "com.apple.product-type.tool";
		};
/* End PBXNativeTarget section */

/* Begin PBXProject section */
		767334851E8A174900284CE1 /* Project object */ = {
			isa = PBXProject;
			attributes = {
				LastUpgradeCheck = 0800;
				ORGANIZATIONNAME = stu2017s10;
				TargetAttributes = {
					7673348C1E8A174900284CE1 = {
						CreatedOnToolsVersion = 8.0;
						ProvisioningStyle = Automatic;
					};
				};
			};
			buildConfigurationList = 767334881E8A174900284CE1 /* Build configuration list for PBXProject "CP2_WEEK4" */;
			compatibilityVersion = "Xcode 3.2";
			developmentRegion = English;
			hasScannedForEncodings = 0;
			knownRegions = (
				en,
			);
			mainGroup = 767334841E8A174900284CE1;
			productRefGroup = 7673348E1E8A174900284CE1 /* Products */;
			projectDirPath = "";
			projectRoot = "";
			targets = (
				7673348C1E8A174900284CE1 /* CP2_WEEK4 */,
			);
		};
/* End PBXProject section */

/* Begin PBXSourcesBuildPhase section */
		767334891E8A174900284CE1 /* Sources */ = {
			isa = PBXSourcesBuildPhase;
			buildActionMask = 2147483647;
			files = (
				7673349C1E8A21E400284CE1 /* QuadEquationProblem.c in Sources */,
				767334911E8A174900284CE1 /* main.c in Sources */,
				767334991E8A1E7500284CE1 /* AppIO.c in Sources */,
				767334A21E8A251D00284CE1 /* Roots.c in Sources */,
			);
			runOnlyForDeploymentPostprocessing = 0;
		};
/* End PBXSourcesBuildPhase section */

/* Begin XCBuildConfiguration section */
		767334921E8A174900284CE1 /* Debug */ = {
			isa = XCBuildConfiguration;
			buildSettings = {
				ALWAYS_SEARCH_USER_PATHS = NO;
				CLANG_ANALYZER_NONNULL = YES;
				CLANG_CXX_LANGUAGE_STANDARD = "gnu++0x";
				CLANG_CXX_LIBRARY = "libc++";
				CLANG_ENABLE_MODULES = YES;
				CLANG_ENABLE_OBJC_ARC = YES;
				CLANG_WARN_BOOL_CONVERSION = YES;
				CLANG_WARN_CONSTANT_CONVERSION = YES;
				CLANG_WARN_DIRECT_OBJC_ISA_USAGE = YES_ERROR;
				CLANG_WARN_DOCUMENTATION_COMMENTS = YES;
				CLANG_WARN_EMPTY_BODY = YES;
				CLANG_WARN_ENUM_CONVERSION = YES;
				CLANG_WARN_INFINITE_RECURSION = YES;
				CLANG_WARN_INT_CONVERSION = YES;
				CLANG_WARN_OBJC_ROOT_CLASS = YES_ERROR;
				CLANG_WARN_SUSPICIOUS_MOVES = YES;
				CLANG_WARN_UNREACHABLE_CODE = YES;
				CLANG_WARN__DUPLICATE_METHOD_MATCH = YES;
				CODE_SIGN_IDENTITY = "-";
				COPY_PHASE_STRIP = NO;
				DEBUG_INFORMATION_FORMAT = dwarf;
				ENABLE_STRICT_OBJC_MSGSEND = YES;
				ENABLE_TESTABILITY = YES;
				GCC_C_LANGUAGE_STANDARD = gnu99;
				GCC_DYNAMIC_NO_PIC = NO;
				GCC_NO_COMMON_BLOCKS = YES;
				GCC_OPTIMIZATION_LEVEL = 0;
				GCC_PREPROCESSOR_DEFINITIONS = (
					"DEBUG=1",
					"$(inherited)",
				);
				GCC_WARN_64_TO_32_BIT_CONVERSION = YES;
				GCC_WARN_ABOUT_RETURN_TYPE = YES_ERROR;
				GCC_WARN_UNDECLARED_SELECTOR = YES;
				GCC_WARN_UNINITIALIZED_AUTOS = YES_AGGRESSIVE;
				GCC_WARN_UNUSED_FUNCTION = YES;
				GCC_WARN_UNUSED_VARIABLE = YES;
				MACOSX_DEPLOYMENT_TARGET = 10.11;
				MTL_ENABLE_DEBUG_INFO = YES;
				ONLY_ACTIVE_ARCH = YES;
				SDKROOT = macosx;
			};
			name = Debug;
		};
		767334931E8A174900284CE1 /* Release */ = {
			isa = XCBuildConfiguration;
			buildSettings = {
				ALWAYS_SEARCH_USER_PATHS = NO;
				CLANG_ANALYZER_NONNULL = YES;
				CLANG_CXX_LANGUAGE_STANDARD = "gnu++0x";
				CLANG_CXX_LIBRARY = "libc++";
				CLANG_ENABLE_MODULES = YES;
				CLANG_ENABLE_OBJC_ARC = YES;
				CLANG_WARN_BOOL_CONVERSION = YES;
				CLANG_WARN_CONSTANT_CONVERSION = YES;
				CLANG_WARN_DIRECT_OBJC_ISA_USAGE = YES_ERROR;
				CLANG_WARN_DOCUMENTATION_COMMENTS = YES;
				CLANG_WARN_EMPTY_BODY = YES;
				CLANG_WARN_ENUM_CONVERSION = YES;
				CLANG_WARN_INFINITE_RECURSION = YES;
				CLANG_WARN_INT_CONVERSION = YES;
				CLANG_WARN_OBJC_ROOT_CLASS = YES_ERROR;
				CLANG_WARN_SUSPICIOUS_MOVES = YES;
				CLANG_WARN_UNREACHABLE_CODE = YES;
				CLANG_WARN__DUPLICATE_METHOD_MATCH = YES;
				CODE_SIGN_IDENTITY = "-";
				COPY_PHASE_STRIP = NO;
				DEBUG_INFORMATION_FORMAT = "dwarf-with-dsym";
				ENABLE_NS_ASSERTIONS = NO;
				ENABLE_STRICT_OBJC_MSGSEND = YES;
				GCC_C_LANGUAGE_STANDARD = gnu99;
				GCC_NO_COMMON_BLOCKS = YES;
				GCC_WARN_64_TO_32_BIT_CONVERSION = YES;
				GCC_WARN_ABOUT_RETURN_TYPE = YES_ERROR;
				GCC_WARN_UNDECLARED_SELECTOR = YES;
				GCC_WARN_UNINITIALIZED_AUTOS = YES_AGGRESSIVE;
				GCC_WARN_UNUSED_FUNCTION = YES;
				GCC_WARN_UNUSED_VARIABLE = YES;
				MACOSX_DEPLOYMENT_TARGET = 10.11;
				MTL_ENABLE_DEBUG_INFO = NO;
				SDKROOT = macosx;
			};
			name = Release;
		};
		767334951E8A174900284CE1 /* Debug */ = {
			isa = XCBuildConfiguration;
			buildSettings = {
				PRODUCT_NAME = "$(TARGET_NAME)";
			};
			name = Debug;
		};
		767334961E8A174900284CE1 /* Release */ = {
			isa = XCBuildConfiguration;
			buildSettings = {
				PRODUCT_NAME = "$(TARGET_NAME)";
			};
			name = Release;
		};
/* End XCBuildConfiguration section */

/* Begin XCConfigurationList section */
		767334881E8A174900284CE1 /* Build configuration list for PBXProject "CP2_WEEK4" */ = {
			isa = XCConfigurationList;
			buildConfigurations = (
				767334921E8A174900284CE1 /* Debug */,
				767334931E8A174900284CE1 /* Release */,
			);
			defaultConfigurationIsVisible = 0;
			defaultConfigurationName = Release;
		};
		767334941E8A174900284CE1 /* Build configuration list for PBXNativeTarget "CP2_WEEK4" */ = {
			isa = XCConfigurationList;
			buildConfigurations = (
				767334951E8A174900284CE1 /* Debug */,
				767334961E8A174900284CE1 /* Release */,
			);
			defaultConfigurationIsVisible = 0;
			defaultConfigurationName = Release;
		};
/* End XCConfigurationList section */
	};
	rootObject = 767334851E8A174900284CE1 /* Project object */;
}
